
Microsoft Visual Studio Solution File, Format Version 12.00
# Visual Studio 2013
VisualStudioVersion = 12.0.30723.0
MinimumVisualStudioVersion = 10.0.40219.1
Project("{FAE04EC0-301F-11D3-BF4B-00C04F79EFBC}") = "RS2015_Checkin", "RS2015_Checkin\RS2015_Checkin.csproj", "{BAB00D29-0725-43D6-8081-6C44634212AB}"
EndProject
Global
	GlobalSection(SolutionConfigurationPlatforms) = preSolution
		Debug|Any CPU = Debug|Any CPU
		Release|Any CPU = Release|Any CPU
	EndGlobalSection
	GlobalSection(ProjectConfigurationPlatforms) = postSolution
		{BAB00D29-0725-43D6-8081-6C44634212AB}.Debug|Any CPU.ActiveCfg = Debug|Any CPU
		{BAB00D29-0725-43D6-8081-6C44634212AB}.Debug|Any CPU.Build.0 = Debug|Any CPU
		{BAB00D29-0725-43D6-8081-6C44634212AB}.Release|Any CPU.ActiveCfg = Release|Any CPU
		{BAB00D29-0725-43D6-8081-6C44634212AB}.Release|Any CPU.Build.0 = Release|Any CPU
	EndGlobalSection
	GlobalSection(SolutionProperties) = preSolution
		HideSolutionNode = FALSE
	EndGlobalSection
EndGlobal
